
Microsoft Visual Studio Solution File, Format Version 12.00
# Visual Studio Version 16
VisualStudioVersion = 16.0.30002.166
MinimumVisualStudioVersion = 10.0.40219.1
Project("{FAE04EC0-301F-11D3-BF4B-00C04F79EFBC}") = "VerucavaGameSDK", "VerucavaGameSDK\VerucavaGameSDK.csproj", "{47BCF16B-F858-4B7F-ABF4-49B1F8765026}"
EndProject
Global
	GlobalSection(SolutionConfigurationPlatforms) = preSolution
		Debug|Any CPU = Debug|Any CPU
		Release|Any CPU = Release|Any CPU
	EndGlobalSection
	GlobalSection(ProjectConfigurationPlatforms) = postSolution
		{47BCF16B-F858-4B7F-ABF4-49B1F8765026}.Debug|Any CPU.ActiveCfg = Debug|Any CPU
		{47BCF16B-F858-4B7F-ABF4-49B1F8765026}.Debug|Any CPU.Build.0 = Debug|Any CPU
		{47BCF16B-F858-4B7F-ABF4-49B1F8765026}.Release|Any CPU.ActiveCfg = Release|Any CPU
		{47BCF16B-F858-4B7F-ABF4-49B1F8765026}.Release|Any CPU.Build.0 = Release|Any CPU
	EndGlobalSection
	GlobalSection(SolutionProperties) = preSolution
		HideSolutionNode = FALSE
	EndGlobalSection
	GlobalSection(ExtensibilityGlobals) = postSolution
		SolutionGuid = {284FD19E-3CB8-46B6-B086-BA7F1708807E}
	EndGlobalSection
EndGlobal
